// !$*UTF8*$!
{
	archiveVersion = 1;
	classes = {
	};
	objectVersion = 48;
	objects = {

/* Begin PBXBuildFile section */
		8A46EBFF218F84C600AB0F00 /* BookCell.swift in Sources */ = {isa = PBXBuildFile; fileRef = 8A46EBFE218F84C600AB0F00 /* BookCell.swift */; };
		8A563F54216D4DF7000ED512 /* AppDelegate.swift in Sources */ = {isa = PBXBuildFile; fileRef = 8A563F53216D4DF7000ED512 /* AppDelegate.swift */; };
		8A563F56216D4DF7000ED512 /* ViewController.swift in Sources */ = {isa = PBXBuildFile; fileRef = 8A563F55216D4DF7000ED512 /* ViewController.swift */; };
		8A563F5B216D4DF7000ED512 /* Assets.xcassets in Resources */ = {isa = PBXBuildFile; fileRef = 8A563F5A216D4DF7000ED512 /* Assets.xcassets */; };
		8A563F5E216D4DF7000ED512 /* LaunchScreen.storyboard in Resources */ = {isa = PBXBuildFile; fileRef = 8A563F5C216D4DF7000ED512 /* LaunchScreen.storyboard */; };
		8A563F69216D4DF7000ED512 /* KindleLBTATests.swift in Sources */ = {isa = PBXBuildFile; fileRef = 8A563F68216D4DF7000ED512 /* KindleLBTATests.swift */; };
		8A563F74216D4DF7000ED512 /* KindleLBTAUITests.swift in Sources */ = {isa = PBXBuildFile; fileRef = 8A563F73216D4DF7000ED512 /* KindleLBTAUITests.swift */; };
		8A803815218F79E700052D25 /* Models.swift in Sources */ = {isa = PBXBuildFile; fileRef = 8A803814218F79E700052D25 /* Models.swift */; };
/* End PBXBuildFile section */

/* Begin PBXContainerItemProxy section */
		8A563F65216D4DF7000ED512 /* PBXContainerItemProxy */ = {
			isa = PBXContainerItemProxy;
			containerPortal = 8A563F48216D4DF7000ED512 /* Project object */;
			proxyType = 1;
			remoteGlobalIDString = 8A563F4F216D4DF7000ED512;
			remoteInfo = KindleLBTA;
		};
		8A563F70216D4DF7000ED512 /* PBXContainerItemProxy */ = {
			isa = PBXContainerItemProxy;
			containerPortal = 8A563F48216D4DF7000ED512 /* Project object */;
			proxyType = 1;
			remoteGlobalIDString = 8A563F4F216D4DF7000ED512;
			remoteInfo = KindleLBTA;
		};
/* End PBXContainerItemProxy section */

/* Begin PBXFileReference section */
		8A46EBFE218F84C600AB0F00 /* BookCell.swift */ = {isa = PBXFileReference; lastKnownFileType = sourcecode.swift; path = BookCell.swift; sourceTree = "<group>"; };
		8A563F50216D4DF7000ED512 /* KindleLBTA.app */ = {isa = PBXFileReference; explicitFileType = wrapper.application; includeInIndex = 0; path = KindleLBTA.app; sourceTree = BUILT_PRODUCTS_DIR; };
		8A563F53216D4DF7000ED512 /* AppDelegate.swift */ = {isa = PBXFileReference; lastKnownFileType = sourcecode.swift; path = AppDelegate.swift; sourceTree = "<group>"; };
		8A563F55216D4DF7000ED512 /* ViewController.swift */ = {isa = PBXFileReference; lastKnownFileType = sourcecode.swift; path = ViewController.swift; sourceTree = "<group>"; };
		8A563F5A216D4DF7000ED512 /* Assets.xcassets */ = {isa = PBXFileReference; lastKnownFileType = folder.assetcatalog; path = Assets.xcassets; sourceTree = "<group>"; };
		8A563F5D216D4DF7000ED512 /* Base */ = {isa = PBXFileReference; lastKnownFileType = file.storyboard; name = Base; path = Base.lproj/LaunchScreen.storyboard; sourceTree = "<group>"; };
		8A563F5F216D4DF7000ED512 /* Info.plist */ = {isa = PBXFileReference; lastKnownFileType = text.plist.xml; path = Info.plist; sourceTree = "<group>"; };
		8A563F64216D4DF7000ED512 /* KindleLBTATests.xctest */ = {isa = PBXFileReference; explicitFileType = wrapper.cfbundle; includeInIndex = 0; path = KindleLBTATests.xctest; sourceTree = BUILT_PRODUCTS_DIR; };
		8A563F68216D4DF7000ED512 /* KindleLBTATests.swift */ = {isa = PBXFileReference; lastKnownFileType = sourcecode.swift; path = KindleLBTATests.swift; sourceTree = "<group>"; };
		8A563F6A216D4DF7000ED512 /* Info.plist */ = {isa = PBXFileReference; lastKnownFileType = text.plist.xml; path = Info.plist; sourceTree = "<group>"; };
		8A563F6F216D4DF7000ED512 /* KindleLBTAUITests.xctest */ = {isa = PBXFileReference; explicitFileType = wrapper.cfbundle; includeInIndex = 0; path = KindleLBTAUITests.xctest; sourceTree = BUILT_PRODUCTS_DIR; };
		8A563F73216D4DF7000ED512 /* KindleLBTAUITests.swift */ = {isa = PBXFileReference; lastKnownFileType = sourcecode.swift; path = KindleLBTAUITests.swift; sourceTree = "<group>"; };
		8A563F75216D4DF8000ED512 /* Info.plist */ = {isa = PBXFileReference; lastKnownFileType = text.plist.xml; path = Info.plist; sourceTree = "<group>"; };
		8A803814218F79E700052D25 /* Models.swift */ = {isa = PBXFileReference; lastKnownFileType = sourcecode.swift; path = Models.swift; sourceTree = "<group>"; };
/* End PBXFileReference section */

/* Begin PBXFrameworksBuildPhase section */
		8A563F4D216D4DF7000ED512 /* Frameworks */ = {
			isa = PBXFrameworksBuildPhase;
			buildActionMask = 2147483647;
			files = (
			);
			runOnlyForDeploymentPostprocessing = 0;
		};
		8A563F61216D4DF7000ED512 /* Frameworks */ = {
			isa = PBXFrameworksBuildPhase;
			buildActionMask = 2147483647;
			files = (
			);
			runOnlyForDeploymentPostprocessing = 0;
		};
		8A563F6C216D4DF7000ED512 /* Frameworks */ = {
			isa = PBXFrameworksBuildPhase;
			buildActionMask = 2147483647;
			files = (
			);
			runOnlyForDeploymentPostprocessing = 0;
		};
/* End PBXFrameworksBuildPhase section */

/* Begin PBXGroup section */
		8A563F47216D4DF7000ED512 = {
			isa = PBXGroup;
			children = (
				8A563F52216D4DF7000ED512 /* KindleLBTA */,
				8A563F67216D4DF7000ED512 /* KindleLBTATests */,
				8A563F72216D4DF7000ED512 /* KindleLBTAUITests */,
				8A563F51216D4DF7000ED512 /* Products */,
			);
			sourceTree = "<group>";
		};
		8A563F51216D4DF7000ED512 /* Products */ = {
			isa = PBXGroup;
			children = (
				8A563F50216D4DF7000ED512 /* KindleLBTA.app */,
				8A563F64216D4DF7000ED512 /* KindleLBTATests.xctest */,
				8A563F6F216D4DF7000ED512 /* KindleLBTAUITests.xctest */,
			);
			name = Products;
			sourceTree = "<group>";
		};
		8A563F52216D4DF7000ED512 /* KindleLBTA */ = {
			isa = PBXGroup;
			children = (
				8A563F53216D4DF7000ED512 /* AppDelegate.swift */,
				8A563F55216D4DF7000ED512 /* ViewController.swift */,
				8A563F5A216D4DF7000ED512 /* Assets.xcassets */,
				8A563F5C216D4DF7000ED512 /* LaunchScreen.storyboard */,
				8A563F5F216D4DF7000ED512 /* Info.plist */,
				8A803814218F79E700052D25 /* Models.swift */,
				8A46EBFE218F84C600AB0F00 /* BookCell.swift */,
			);
			path = KindleLBTA;
			sourceTree = "<group>";
		};
		8A563F67216D4DF7000ED512 /* KindleLBTATests */ = {
			isa = PBXGroup;
			children = (
				8A563F68216D4DF7000ED512 /* KindleLBTATests.swift */,
				8A563F6A216D4DF7000ED512 /* Info.plist */,
			);
			path = KindleLBTATests;
			sourceTree = "<group>";
		};
		8A563F72216D4DF7000ED512 /* KindleLBTAUITests */ = {
			isa = PBXGroup;
			children = (
				8A563F73216D4DF7000ED512 /* KindleLBTAUITests.swift */,
				8A563F75216D4DF8000ED512 /* Info.plist */,
			);
			path = KindleLBTAUITests;
			sourceTree = "<group>";
		};
/* End PBXGroup section */

/* Begin PBXNativeTarget section */
		8A563F4F216D4DF7000ED512 /* KindleLBTA */ = {
			isa = PBXNativeTarget;
			buildConfigurationList = 8A563F78216D4DF8000ED512 /* Build configuration list for PBXNativeTarget "KindleLBTA" */;
			buildPhases = (
				8A563F4C216D4DF7000ED512 /* Sources */,
				8A563F4D216D4DF7000ED512 /* Frameworks */,
				8A563F4E216D4DF7000ED512 /* Resources */,
			);
			buildRules = (
			);
			dependencies = (
			);
			name = KindleLBTA;
			productName = KindleLBTA;
			productReference = 8A563F50216D4DF7000ED512 /* KindleLBTA.app */;
			productType = "com.apple.product-type.application";
		};
		8A563F63216D4DF7000ED512 /* KindleLBTATests */ = {
			isa = PBXNativeTarget;
			buildConfigurationList = 8A563F7B216D4DF8000ED512 /* Build configuration list for PBXNativeTarget "KindleLBTATests" */;
			buildPhases = (
				8A563F60216D4DF7000ED512 /* Sources */,
				8A563F61216D4DF7000ED512 /* Frameworks */,
				8A563F62216D4DF7000ED512 /* Resources */,
			);
			buildRules = (
			);
			dependencies = (
				8A563F66216D4DF7000ED512 /* PBXTargetDependency */,
			);
			name = KindleLBTATests;
			productName = KindleLBTATests;
			productReference = 8A563F64216D4DF7000ED512 /* KindleLBTATests.xctest */;
			productType = "com.apple.product-type.bundle.unit-test";
		};
		8A563F6E216D4DF7000ED512 /* KindleLBTAUITests */ = {
			isa = PBXNativeTarget;
			buildConfigurationList = 8A563F7E216D4DF8000ED512 /* Build configuration list for PBXNativeTarget "KindleLBTAUITests" */;
			buildPhases = (
				8A563F6B216D4DF7000ED512 /* Sources */,
				8A563F6C216D4DF7000ED512 /* Frameworks */,
				8A563F6D216D4DF7000ED512 /* Resources */,
			);
			buildRules = (
			);
			dependencies = (
				8A563F71216D4DF7000ED512 /* PBXTargetDependency */,
			);
			name = KindleLBTAUITests;
			productName = KindleLBTAUITests;
			productReference = 8A563F6F216D4DF7000ED512 /* KindleLBTAUITests.xctest */;
			productType = "com.apple.product-type.bundle.ui-testing";
		};
/* End PBXNativeTarget section */

/* Begin PBXProject section */
		8A563F48216D4DF7000ED512 /* Project object */ = {
			isa = PBXProject;
			attributes = {
				LastSwiftUpdateCheck = 0920;
				LastUpgradeCheck = 1010;
				ORGANIZATIONNAME = "Dong-Yoon Choi";
				TargetAttributes = {
					8A563F4F216D4DF7000ED512 = {
						CreatedOnToolsVersion = 9.2;
						LastSwiftMigration = 1010;
						ProvisioningStyle = Automatic;
					};
					8A563F63216D4DF7000ED512 = {
						CreatedOnToolsVersion = 9.2;
						LastSwiftMigration = 1010;
						ProvisioningStyle = Automatic;
						TestTargetID = 8A563F4F216D4DF7000ED512;
					};
					8A563F6E216D4DF7000ED512 = {
						CreatedOnToolsVersion = 9.2;
						LastSwiftMigration = 1010;
						ProvisioningStyle = Automatic;
						TestTargetID = 8A563F4F216D4DF7000ED512;
					};
				};
			};
			buildConfigurationList = 8A563F4B216D4DF7000ED512 /* Build configuration list for PBXProject "KindleLBTA" */;
			compatibilityVersion = "Xcode 8.0";
			developmentRegion = en;
			hasScannedForEncodings = 0;
			knownRegions = (
				en,
				Base,
			);
			mainGroup = 8A563F47216D4DF7000ED512;
			productRefGroup = 8A563F51216D4DF7000ED512 /* Products */;
			projectDirPath = "";
			projectRoot = "";
			targets = (
				8A563F4F216D4DF7000ED512 /* KindleLBTA */,
				8A563F63216D4DF7000ED512 /* KindleLBTATests */,
				8A563F6E216D4DF7000ED512 /* KindleLBTAUITests */,
			);
		};
/* End PBXProject section */

/* Begin PBXResourcesBuildPhase section */
		8A563F4E216D4DF7000ED512 /* Resources */ = {
			isa = PBXResourcesBuildPhase;
			buildActionMask = 2147483647;
			files = (
				8A563F5E216D4DF7000ED512 /* LaunchScreen.storyboard in Resources */,
				8A563F5B216D4DF7000ED512 /* Assets.xcassets in Resources */,
			);
			runOnlyForDeploymentPostprocessing = 0;
		};
		8A563F62216D4DF7000ED512 /* Resources */ = {
			isa = PBXResourcesBuildPhase;
			buildActionMask = 2147483647;
			files = (
			);
			runOnlyForDeploymentPostprocessing = 0;
		};
		8A563F6D216D4DF7000ED512 /* Resources */ = {
			isa = PBXResourcesBuildPhase;
			buildActionMask = 2147483647;
			files = (
			);
			runOnlyForDeploymentPostprocessing = 0;
		};
/* End PBXResourcesBuildPhase section */

/* Begin PBXSourcesBuildPhase section */
		8A563F4C216D4DF7000ED512 /* Sources */ = {
			isa = PBXSourcesBuildPhase;
			buildActionMask = 2147483647;
			files = (
				8A46EBFF218F84C600AB0F00 /* BookCell.swift in Sources */,
				8A803815218F79E700052D25 /* Models.swift in Sources */,
				8A563F56216D4DF7000ED512 /* ViewController.swift in Sources */,
				8A563F54216D4DF7000ED512 /* AppDelegate.swift in Sources */,
			);
			runOnlyForDeploymentPostprocessing = 0;
		};
		8A563F60216D4DF7000ED512 /* Sources */ = {
			isa = PBXSourcesBuildPhase;
			buildActionMask = 2147483647;
			files = (
				8A563F69216D4DF7000ED512 /* KindleLBTATests.swift in Sources */,
			);
			runOnlyForDeploymentPostprocessing = 0;
		};
		8A563F6B216D4DF7000ED512 /* Sources */ = {
			isa = PBXSourcesBuildPhase;
			buildActionMask = 2147483647;
			files = (
				8A563F74216D4DF7000ED512 /* KindleLBTAUITests.swift in Sources */,
			);
			runOnlyForDeploymentPostprocessing = 0;
		};
/* End PBXSourcesBuildPhase section */

/* Begin PBXTargetDependency section */
		8A563F66216D4DF7000ED512 /* PBXTargetDependency */ = {
			isa = PBXTargetDependency;
			target = 8A563F4F216D4DF7000ED512 /* KindleLBTA */;
			targetProxy = 8A563F65216D4DF7000ED512 /* PBXContainerItemProxy */;
		};
		8A563F71216D4DF7000ED512 /* PBXTargetDependency */ = {
			isa = PBXTargetDependency;
			target = 8A563F4F216D4DF7000ED512 /* KindleLBTA */;
			targetProxy = 8A563F70216D4DF7000ED512 /* PBXContainerItemProxy */;
		};
/* End PBXTargetDependency section */

/* Begin PBXVariantGroup section */
		8A563F5C216D4DF7000ED512 /* LaunchScreen.storyboard */ = {
			isa = PBXVariantGroup;
			children = (
				8A563F5D216D4DF7000ED512 /* Base */,
			);
			name = LaunchScreen.storyboard;
			sourceTree = "<group>";
		};
/* End PBXVariantGroup section */

/* Begin XCBuildConfiguration section */
		8A563F76216D4DF8000ED512 /* Debug */ = {
			isa = XCBuildConfiguration;
			buildSettings = {
				ALWAYS_SEARCH_USER_PATHS = NO;
				CLANG_ANALYZER_NONNULL = YES;
				CLANG_ANALYZER_NUMBER_OBJECT_CONVERSION = YES_AGGRESSIVE;
				CLANG_CXX_LANGUAGE_STANDARD = "gnu++14";
				CLANG_CXX_LIBRARY = "libc++";
				CLANG_ENABLE_MODULES = YES;
				CLANG_ENABLE_OBJC_ARC = YES;
				CLANG_WARN_BLOCK_CAPTURE_AUTORELEASING = YES;
				CLANG_WARN_BOOL_CONVERSION = YES;
				CLANG_WARN_COMMA = YES;
				CLANG_WARN_CONSTANT_CONVERSION = YES;
				CLANG_WARN_DEPRECATED_OBJC_IMPLEMENTATIONS = YES;
				CLANG_WARN_DIRECT_OBJC_ISA_USAGE = YES_ERROR;
				CLANG_WARN_DOCUMENTATION_COMMENTS = YES;
				CLANG_WARN_EMPTY_BODY = YES;
				CLANG_WARN_ENUM_CONVERSION = YES;
				CLANG_WARN_INFINITE_RECURSION = YES;
				CLANG_WARN_INT_CONVERSION = YES;
				CLANG_WARN_NON_LITERAL_NULL_CONVERSION = YES;
				CLANG_WARN_OBJC_IMPLICIT_RETAIN_SELF = YES;
				CLANG_WARN_OBJC_LITERAL_CONVERSION = YES;
				CLANG_WARN_OBJC_ROOT_CLASS = YES_ERROR;
				CLANG_WARN_RANGE_LOOP_ANALYSIS = YES;
				CLANG_WARN_STRICT_PROTOTYPES = YES;
				CLANG_WARN_SUSPICIOUS_MOVE = YES;
				CLANG_WARN_UNGUARDED_AVAILABILITY = YES_AGGRESSIVE;
				CLANG_WARN_UNREACHABLE_CODE = YES;
				CLANG_WARN__DUPLICATE_METHOD_MATCH = YES;
				CODE_SIGN_IDENTITY = "iPhone Developer";
				COPY_PHASE_STRIP = NO;
				DEBUG_INFORMATION_FORMAT = dwarf;
				ENABLE_STRICT_OBJC_MSGSEND = YES;
				ENABLE_TESTABILITY = YES;
				GCC_C_LANGUAGE_STANDARD = gnu11;
				GCC_DYNAMIC_NO_PIC = NO;
				GCC_NO_COMMON_BLOCKS = YES;
				GCC_OPTIMIZATION_LEVEL = 0;
				GCC_PREPROCESSOR_DEFINITIONS = (
					"DEBUG=1",
					"$(inherited)",
				);
				GCC_WARN_64_TO_32_BIT_CONVERSION = YES;
				GCC_WARN_ABOUT_RETURN_TYPE = YES_ERROR;
				GCC_WARN_UNDECLARED_SELECTOR = YES;
				GCC_WARN_UNINITIALIZED_AUTOS = YES_AGGRESSIVE;
				GCC_WARN_UNUSED_FUNCTION = YES;
				GCC_WARN_UNUSED_VARIABLE = YES;
				IPHONEOS_DEPLOYMENT_TARGET = 11.2;
				MTL_ENABLE_DEBUG_INFO = YES;
				ONLY_ACTIVE_ARCH = YES;
				SDKROOT = iphoneos;
				SWIFT_ACTIVE_COMPILATION_CONDITIONS = DEBUG;
				SWIFT_OPTIMIZATION_LEVEL = "-Onone";
			};
			name = Debug;
		};
		8A563F77216D4DF8000ED512 /* Release */ = {
			isa = XCBuildConfiguration;
			buildSettings = {
				ALWAYS_SEARCH_USER_PATHS = NO;
				CLANG_ANALYZER_NONNULL = YES;
				CLANG_ANALYZER_NUMBER_OBJECT_CONVERSION = YES_AGGRESSIVE;
				CLANG_CXX_LANGUAGE_STANDARD = "gnu++14";
				CLANG_CXX_LIBRARY = "libc++";
				CLANG_ENABLE_MODULES = YES;
				CLANG_ENABLE_OBJC_ARC = YES;
				CLANG_WARN_BLOCK_CAPTURE_AUTORELEASING = YES;
				CLANG_WARN_BOOL_CONVERSION = YES;
				CLANG_WARN_COMMA = YES;
				CLANG_WARN_CONSTANT_CONVERSION = YES;
				CLANG_WARN_DEPRECATED_OBJC_IMPLEMENTATIONS = YES;
				CLANG_WARN_DIRECT_OBJC_ISA_USAGE = YES_ERROR;
				CLANG_WARN_DOCUMENTATION_COMMENTS = YES;
				CLANG_WARN_EMPTY_BODY = YES;
				CLANG_WARN_ENUM_CONVERSION = YES;
				CLANG_WARN_INFINITE_RECURSION = YES;
				CLANG_WARN_INT_CONVERSION = YES;
				CLANG_WARN_NON_LITERAL_NULL_CONVERSION = YES;
				CLANG_WARN_OBJC_IMPLICIT_RETAIN_SELF = YES;
				CLANG_WARN_OBJC_LITERAL_CONVERSION = YES;
				CLANG_WARN_OBJC_ROOT_CLASS = YES_ERROR;
				CLANG_WARN_RANGE_LOOP_ANALYSIS = YES;
				CLANG_WARN_STRICT_PROTOTYPES = YES;
				CLANG_WARN_SUSPICIOUS_MOVE = YES;
				CLANG_WARN_UNGUARDED_AVAILABILITY = YES_AGGRESSIVE;
				CLANG_WARN_UNREACHABLE_CODE = YES;
				CLANG_WARN__DUPLICATE_METHOD_MATCH = YES;
				CODE_SIGN_IDENTITY = "iPhone Developer";
				COPY_PHASE_STRIP = NO;
				DEBUG_INFORMATION_FORMAT = "dwarf-with-dsym";
				ENABLE_NS_ASSERTIONS = NO;
				ENABLE_STRICT_OBJC_MSGSEND = YES;
				GCC_C_LANGUAGE_STANDARD = gnu11;
				GCC_NO_COMMON_BLOCKS = YES;
				GCC_WARN_64_TO_32_BIT_CONVERSION = YES;
				GCC_WARN_ABOUT_RETURN_TYPE = YES_ERROR;
				GCC_WARN_UNDECLARED_SELECTOR = YES;
				GCC_WARN_UNINITIALIZED_AUTOS = YES_AGGRESSIVE;
				GCC_WARN_UNUSED_FUNCTION = YES;
				GCC_WARN_UNUSED_VARIABLE = YES;
				IPHONEOS_DEPLOYMENT_TARGET = 11.2;
				MTL_ENABLE_DEBUG_INFO = NO;
				SDKROOT = iphoneos;
				SWIFT_OPTIMIZATION_LEVEL = "-Owholemodule";
				VALIDATE_PRODUCT = YES;
			};
			name = Release;
		};
		8A563F79216D4DF8000ED512 /* Debug */ = {
			isa = XCBuildConfiguration;
			buildSettings = {
				ASSETCATALOG_COMPILER_APPICON_NAME = AppIcon;
				CODE_SIGN_STYLE = Automatic;
				INFOPLIST_FILE = KindleLBTA/Info.plist;
				LD_RUNPATH_SEARCH_PATHS = "$(inherited) @executable_path/Frameworks";
				PRODUCT_BUNDLE_IDENTIFIER = com.dyc.KindleLBTA;
				PRODUCT_NAME = "$(TARGET_NAME)";
				SWIFT_VERSION = 4.2;
				TARGETED_DEVICE_FAMILY = "1,2";
			};
			name = Debug;
		};
		8A563F7A216D4DF8000ED512 /* Release */ = {
			isa = XCBuildConfiguration;
			buildSettings = {
				ASSETCATALOG_COMPILER_APPICON_NAME = AppIcon;
				CODE_SIGN_STYLE = Automatic;
				INFOPLIST_FILE = KindleLBTA/Info.plist;
				LD_RUNPATH_SEARCH_PATHS = "$(inherited) @executable_path/Frameworks";
				PRODUCT_BUNDLE_IDENTIFIER = com.dyc.KindleLBTA;
				PRODUCT_NAME = "$(TARGET_NAME)";
				SWIFT_VERSION = 4.2;
				TARGETED_DEVICE_FAMILY = "1,2";
			};
			name = Release;
		};
		8A563F7C216D4DF8000ED512 /* Debug */ = {
			isa = XCBuildConfiguration;
			buildSettings = {
				ALWAYS_EMBED_SWIFT_STANDARD_LIBRARIES = YES;
				BUNDLE_LOADER = "$(TEST_HOST)";
				CODE_SIGN_STYLE = Automatic;
				INFOPLIST_FILE = KindleLBTATests/Info.plist;
				LD_RUNPATH_SEARCH_PATHS = "$(inherited) @executable_path/Frameworks @loader_path/Frameworks";
				PRODUCT_BUNDLE_IDENTIFIER = com.dyc.KindleLBTATests;
				PRODUCT_NAME = "$(TARGET_NAME)";
				SWIFT_VERSION = 4.2;
				TARGETED_DEVICE_FAMILY = "1,2";
				TEST_HOST = "$(BUILT_PRODUCTS_DIR)/KindleLBTA.app/KindleLBTA";
			};
			name = Debug;
		};
		8A563F7D216D4DF8000ED512 /* Release */ = {
			isa = XCBuildConfiguration;
			buildSettings = {
				ALWAYS_EMBED_SWIFT_STANDARD_LIBRARIES = YES;
				BUNDLE_LOADER = "$(TEST_HOST)";
				CODE_SIGN_STYLE = Automatic;
				INFOPLIST_FILE = KindleLBTATests/Info.plist;
				LD_RUNPATH_SEARCH_PATHS = "$(inherited) @executable_path/Frameworks @loader_path/Frameworks";
				PRODUCT_BUNDLE_IDENTIFIER = com.dyc.KindleLBTATests;
				PRODUCT_NAME = "$(TARGET_NAME)";
				SWIFT_VERSION = 4.2;
				TARGETED_DEVICE_FAMILY = "1,2";
				TEST_HOST = "$(BUILT_PRODUCTS_DIR)/KindleLBTA.app/KindleLBTA";
			};
			name = Release;
		};
		8A563F7F216D4DF8000ED512 /* Debug */ = {
			isa = XCBuildConfiguration;
			buildSettings = {
				ALWAYS_EMBED_SWIFT_STANDARD_LIBRARIES = YES;
				CODE_SIGN_STYLE = Automatic;
				INFOPLIST_FILE = KindleLBTAUITests/Info.plist;
				LD_RUNPATH_SEARCH_PATHS = "$(inherited) @executable_path/Frameworks @loader_path/Frameworks";
				PRODUCT_BUNDLE_IDENTIFIER = com.dyc.KindleLBTAUITests;
				PRODUCT_NAME = "$(TARGET_NAME)";
				SWIFT_VERSION = 4.2;
				TARGETED_DEVICE_FAMILY = "1,2";
				TEST_TARGET_NAME = KindleLBTA;
			};
			name = Debug;
		};
		8A563F80216D4DF8000ED512 /* Release */ = {
			isa = XCBuildConfiguration;
			buildSettings = {
				ALWAYS_EMBED_SWIFT_STANDARD_LIBRARIES = YES;
				CODE_SIGN_STYLE = Automatic;
				INFOPLIST_FILE = KindleLBTAUITests/Info.plist;
				LD_RUNPATH_SEARCH_PATHS = "$(inherited) @executable_path/Frameworks @loader_path/Frameworks";
				PRODUCT_BUNDLE_IDENTIFIER = com.dyc.KindleLBTAUITests;
				PRODUCT_NAME = "$(TARGET_NAME)";
				SWIFT_VERSION = 4.2;
				TARGETED_DEVICE_FAMILY = "1,2";
				TEST_TARGET_NAME = KindleLBTA;
			};
			name = Release;
		};
/* End XCBuildConfiguration section */

/* Begin XCConfigurationList section */
		8A563F4B216D4DF7000ED512 /* Build configuration list for PBXProject "KindleLBTA" */ = {
			isa = XCConfigurationList;
			buildConfigurations = (
				8A563F76216D4DF8000ED512 /* Debug */,
				8A563F77216D4DF8000ED512 /* Release */,
			);
			defaultConfigurationIsVisible = 0;
			defaultConfigurationName = Release;
		};
		8A563F78216D4DF8000ED512 /* Build configuration list for PBXNativeTarget "KindleLBTA" */ = {
			isa = XCConfigurationList;
			buildConfigurations = (
				8A563F79216D4DF8000ED512 /* Debug */,
				8A563F7A216D4DF8000ED512 /* Release */,
			);
			defaultConfigurationIsVisible = 0;
			defaultConfigurationName = Release;
		};
		8A563F7B216D4DF8000ED512 /* Build configuration list for PBXNativeTarget "KindleLBTATests" */ = {
			isa = XCConfigurationList;
			buildConfigurations = (
				8A563F7C216D4DF8000ED512 /* Debug */,
				8A563F7D216D4DF8000ED512 /* Release */,
			);
			defaultConfigurationIsVisible = 0;
			defaultConfigurationName = Release;
		};
		8A563F7E216D4DF8000ED512 /* Build configuration list for PBXNativeTarget "KindleLBTAUITests" */ = {
			isa = XCConfigurationList;
			buildConfigurations = (
				8A563F7F216D4DF8000ED512 /* Debug */,
				8A563F80216D4DF8000ED512 /* Release */,
			);
			defaultConfigurationIsVisible = 0;
			defaultConfigurationName = Release;
		};
/* End XCConfigurationList section */
	};
	rootObject = 8A563F48216D4DF7000ED512 /* Project object */;
}
